// !$*UTF8*$!
{
	archiveVersion = 1;
	classes = {
	};
	objectVersion = 46;
	objects = {

/* Begin PBXBuildFile section */
		4E5D0DC91DA79FB40059A755 /* MMDrawerBarButtonItem.m in Sources */ = {isa = PBXBuildFile; fileRef = 4E5D0DC11DA79FB40059A755 /* MMDrawerBarButtonItem.m */; };
		4E5D0DCA1DA79FB40059A755 /* MMDrawerController.m in Sources */ = {isa = PBXBuildFile; fileRef = 4E5D0DC31DA79FB40059A755 /* MMDrawerController.m */; };
		4E5D0DCB1DA79FB40059A755 /* MMDrawerVisualState.m in Sources */ = {isa = PBXBuildFile; fileRef = 4E5D0DC61DA79FB40059A755 /* MMDrawerVisualState.m */; };
		4E5D0DCC1DA79FB40059A755 /* UIViewController+MMDrawerController.m in Sources */ = {isa = PBXBuildFile; fileRef = 4E5D0DC81DA79FB40059A755 /* UIViewController+MMDrawerController.m */; };
		4E69D0071DAB3CCB00238CF3 /* UserDetailViewController.swift in Sources */ = {isa = PBXBuildFile; fileRef = 4E69D0061DAB3CCB00238CF3 /* UserDetailViewController.swift */; };
		4E69D0291DAB42B500238CF3 /* char_user_details.png in Resources */ = {isa = PBXBuildFile; fileRef = 4E69D0081DAB42B500238CF3 /* char_user_details.png */; };
		4E69D02A1DAB42B500238CF3 /* ic_launcher.png in Resources */ = {isa = PBXBuildFile; fileRef = 4E69D0091DAB42B500238CF3 /* ic_launcher.png */; };
		4E69D02B1DAB42B500238CF3 /* icon_arrow_down_red_pig.png in Resources */ = {isa = PBXBuildFile; fileRef = 4E69D00A1DAB42B500238CF3 /* icon_arrow_down_red_pig.png */; };
		4E69D02C1DAB42B500238CF3 /* icon_arrow_down_red.png in Resources */ = {isa = PBXBuildFile; fileRef = 4E69D00B1DAB42B500238CF3 /* icon_arrow_down_red.png */; };
		4E69D02D1DAB42B500238CF3 /* icon_arrow_left_red_pig.png in Resources */ = {isa = PBXBuildFile; fileRef = 4E69D00C1DAB42B500238CF3 /* icon_arrow_left_red_pig.png */; };
		4E69D02E1DAB42B500238CF3 /* icon_arrow_left_red.png in Resources */ = {isa = PBXBuildFile; fileRef = 4E69D00D1DAB42B500238CF3 /* icon_arrow_left_red.png */; };
		4E69D02F1DAB42B500238CF3 /* icon_arrow_right_blue_pig.png in Resources */ = {isa = PBXBuildFile; fileRef = 4E69D00E1DAB42B500238CF3 /* icon_arrow_right_blue_pig.png */; };
		4E69D0301DAB42B500238CF3 /* icon_arrow_right_blue.png in Resources */ = {isa = PBXBuildFile; fileRef = 4E69D00F1DAB42B500238CF3 /* icon_arrow_right_blue.png */; };
		4E69D0311DAB42B500238CF3 /* icon_arrow_up_blue_pig.png in Resources */ = {isa = PBXBuildFile; fileRef = 4E69D0101DAB42B500238CF3 /* icon_arrow_up_blue_pig.png */; };
		4E69D0321DAB42B500238CF3 /* icon_arrow_up_blue.png in Resources */ = {isa = PBXBuildFile; fileRef = 4E69D0111DAB42B500238CF3 /* icon_arrow_up_blue.png */; };
		4E69D0331DAB42B500238CF3 /* icon_brian.png in Resources */ = {isa = PBXBuildFile; fileRef = 4E69D0121DAB42B500238CF3 /* icon_brian.png */; };
		4E69D0341DAB42B500238CF3 /* icon_check.png in Resources */ = {isa = PBXBuildFile; fileRef = 4E69D0131DAB42B500238CF3 /* icon_check.png */; };
		4E69D0351DAB42B500238CF3 /* icon_eq.png in Resources */ = {isa = PBXBuildFile; fileRef = 4E69D0141DAB42B500238CF3 /* icon_eq.png */; };
		4E69D0361DAB42B500238CF3 /* icon_filter.png in Resources */ = {isa = PBXBuildFile; fileRef = 4E69D0151DAB42B500238CF3 /* icon_filter.png */; };
		4E69D0371DAB42B500238CF3 /* icon_heart.png in Resources */ = {isa = PBXBuildFile; fileRef = 4E69D0161DAB42B500238CF3 /* icon_heart.png */; };
		4E69D0381DAB42B500238CF3 /* icon_iq.png in Resources */ = {isa = PBXBuildFile; fileRef = 4E69D0171DAB42B500238CF3 /* icon_iq.png */; };
		4E69D0391DAB42B500238CF3 /* icon_menu.png in Resources */ = {isa = PBXBuildFile; fileRef = 4E69D0181DAB42B500238CF3 /* icon_menu.png */; };
		4E69D03A1DAB42B500238CF3 /* icon_no.png in Resources */ = {isa = PBXBuildFile; fileRef = 4E69D0191DAB42B500238CF3 /* icon_no.png */; };
		4E69D03B1DAB42B500238CF3 /* icon_non_report.png in Resources */ = {isa = PBXBuildFile; fileRef = 4E69D01A1DAB42B500238CF3 /* icon_non_report.png */; };
		4E69D03C1DAB42B500238CF3 /* icon_plus.png in Resources */ = {isa = PBXBuildFile; fileRef = 4E69D01B1DAB42B500238CF3 /* icon_plus.png */; };
		4E69D03D1DAB42B500238CF3 /* icon_question.png in Resources */ = {isa = PBXBuildFile; fileRef = 4E69D01C1DAB42B500238CF3 /* icon_question.png */; };
		4E69D03E1DAB42B500238CF3 /* icon_report_comment.png in Resources */ = {isa = PBXBuildFile; fileRef = 4E69D01D1DAB42B500238CF3 /* icon_report_comment.png */; };
		4E69D03F1DAB42B500238CF3 /* icon_report.png in Resources */ = {isa = PBXBuildFile; fileRef = 4E69D01E1DAB42B500238CF3 /* icon_report.png */; };
		4E69D0401DAB42B500238CF3 /* icon_rotate.png in Resources */ = {isa = PBXBuildFile; fileRef = 4E69D01F1DAB42B500238CF3 /* icon_rotate.png */; };
		4E69D0411DAB42B500238CF3 /* icon_search.png in Resources */ = {isa = PBXBuildFile; fileRef = 4E69D0201DAB42B500238CF3 /* icon_search.png */; };
		4E69D0421DAB42B500238CF3 /* icon_star_selected.png in Resources */ = {isa = PBXBuildFile; fileRef = 4E69D0211DAB42B500238CF3 /* icon_star_selected.png */; };
		4E69D0431DAB42B500238CF3 /* icon_star_seleted.png in Resources */ = {isa = PBXBuildFile; fileRef = 4E69D0221DAB42B500238CF3 /* icon_star_seleted.png */; };
		4E69D0441DAB42B500238CF3 /* icon_star_unselect.png in Resources */ = {isa = PBXBuildFile; fileRef = 4E69D0231DAB42B500238CF3 /* icon_star_unselect.png */; };
		4E69D0451DAB42B500238CF3 /* icon_yes.png in Resources */ = {isa = PBXBuildFile; fileRef = 4E69D0241DAB42B500238CF3 /* icon_yes.png */; };
		4E69D0461DAB42B500238CF3 /* img_user_loading.png in Resources */ = {isa = PBXBuildFile; fileRef = 4E69D0251DAB42B500238CF3 /* img_user_loading.png */; };
		4E69D0471DAB42B500238CF3 /* logo.png in Resources */ = {isa = PBXBuildFile; fileRef = 4E69D0261DAB42B500238CF3 /* logo.png */; };
		4E69D0481DAB42B500238CF3 /* small_logo.png in Resources */ = {isa = PBXBuildFile; fileRef = 4E69D0271DAB42B500238CF3 /* small_logo.png */; };
		4E69D0491DAB42B500238CF3 /* temp_user_image.png in Resources */ = {isa = PBXBuildFile; fileRef = 4E69D0281DAB42B500238CF3 /* temp_user_image.png */; };
		6019A7111CDA2B1A00E606C3 /* AppDelegate.swift in Sources */ = {isa = PBXBuildFile; fileRef = 6019A7101CDA2B1A00E606C3 /* AppDelegate.swift */; };
		6019A7131CDA2B1A00E606C3 /* SignInViewController.swift in Sources */ = {isa = PBXBuildFile; fileRef = 6019A7121CDA2B1A00E606C3 /* SignInViewController.swift */; };
		6019A7161CDA2B1A00E606C3 /* Main.storyboard in Resources */ = {isa = PBXBuildFile; fileRef = 6019A7141CDA2B1A00E606C3 /* Main.storyboard */; };
		6019A7191CDA2B1A00E606C3 /* FindWifiNearly.xcdatamodeld in Sources */ = {isa = PBXBuildFile; fileRef = 6019A7171CDA2B1A00E606C3 /* FindWifiNearly.xcdatamodeld */; };
		6019A71B1CDA2B1A00E606C3 /* Assets.xcassets in Resources */ = {isa = PBXBuildFile; fileRef = 6019A71A1CDA2B1A00E606C3 /* Assets.xcassets */; };
		6019A71E1CDA2B1A00E606C3 /* LaunchScreen.storyboard in Resources */ = {isa = PBXBuildFile; fileRef = 6019A71C1CDA2B1A00E606C3 /* LaunchScreen.storyboard */; };
		6019A7291CDA2B1A00E606C3 /* FindWifiNearlyTests.swift in Sources */ = {isa = PBXBuildFile; fileRef = 6019A7281CDA2B1A00E606C3 /* FindWifiNearlyTests.swift */; };
		6019A7341CDA2B1A00E606C3 /* FindWifiNearlyUITests.swift in Sources */ = {isa = PBXBuildFile; fileRef = 6019A7331CDA2B1A00E606C3 /* FindWifiNearlyUITests.swift */; };
		6019A7421CDA391200E606C3 /* MainViewController.swift in Sources */ = {isa = PBXBuildFile; fileRef = 6019A7411CDA391200E606C3 /* MainViewController.swift */; };
		6019A7451CDA543700E606C3 /* WifiObjectData.swift in Sources */ = {isa = PBXBuildFile; fileRef = 6019A7441CDA543700E606C3 /* WifiObjectData.swift */; };
		6026EB551DA7267C00FEDBAA /* SignInViewController2.swift in Sources */ = {isa = PBXBuildFile; fileRef = 6026EB541DA7267C00FEDBAA /* SignInViewController2.swift */; };
		6026EB671DA731CD00FEDBAA /* LeftSlideViewController.swift in Sources */ = {isa = PBXBuildFile; fileRef = 6026EB661DA731CD00FEDBAA /* LeftSlideViewController.swift */; };
		6026EB691DA733F800FEDBAA /* HomePageViewController.swift in Sources */ = {isa = PBXBuildFile; fileRef = 6026EB681DA733F800FEDBAA /* HomePageViewController.swift */; };
		6032EB0D1DA1642900CE7ACB /* WelcomeViewController.swift in Sources */ = {isa = PBXBuildFile; fileRef = 6032EB0C1DA1642900CE7ACB /* WelcomeViewController.swift */; };
		6060C5DE1CE695F30017972E /* DialogManager.swift in Sources */ = {isa = PBXBuildFile; fileRef = 6060C5DD1CE695F30017972E /* DialogManager.swift */; };
		606AD2C31DA8F0070084F757 /* CosmosDistrib.swift in Sources */ = {isa = PBXBuildFile; fileRef = 606AD2C21DA8F0070084F757 /* CosmosDistrib.swift */; };
		606AD2C61DA8F7BC0084F757 /* MyCustomButton.swift in Sources */ = {isa = PBXBuildFile; fileRef = 606AD2C51DA8F7BC0084F757 /* MyCustomButton.swift */; };
		606AD2C81DA904CB0084F757 /* SearchPageViewController.swift in Sources */ = {isa = PBXBuildFile; fileRef = 606AD2C71DA904CB0084F757 /* SearchPageViewController.swift */; };
		606AD2CA1DA92CC70084F757 /* MyCustomCircleImageView.swift in Sources */ = {isa = PBXBuildFile; fileRef = 606AD2C91DA92CC70084F757 /* MyCustomCircleImageView.swift */; };
		60B8AEB91CE2E76D002690F9 /* GTMNSString+HTML.m in Sources */ = {isa = PBXBuildFile; fileRef = 60B8AE9E1CE2E76D002690F9 /* GTMNSString+HTML.m */; settings = {COMPILER_FLAGS = "-fno-objc-arc"; }; };
		60B8AEBA1CE2E76D002690F9 /* ASIDataCompressor.m in Sources */ = {isa = PBXBuildFile; fileRef = 60B8AEA11CE2E76D002690F9 /* ASIDataCompressor.m */; settings = {COMPILER_FLAGS = "-fno-objc-arc"; }; };
		60B8AEBB1CE2E76D002690F9 /* ASIHTTPRequest.m in Sources */ = {isa = PBXBuildFile; fileRef = 60B8AEA21CE2E76D002690F9 /* ASIHTTPRequest.m */; settings = {COMPILER_FLAGS = "-fno-objc-arc"; }; };
		60B8AEBC1CE2E76D002690F9 /* ASIDownloadCache.m in Sources */ = {isa = PBXBuildFile; fileRef = 60B8AEA91CE2E76D002690F9 /* ASIDownloadCache.m */; settings = {COMPILER_FLAGS = "-fno-objc-arc"; }; };
		60B8AEBD1CE2E76D002690F9 /* ASINetworkQueue.m in Sources */ = {isa = PBXBuildFile; fileRef = 60B8AEAA1CE2E76D002690F9 /* ASINetworkQueue.m */; settings = {COMPILER_FLAGS = "-fno-objc-arc"; }; };
		60B8AEBE1CE2E76D002690F9 /* NSString_HTML.m in Sources */ = {isa = PBXBuildFile; fileRef = 60B8AEAB1CE2E76D002690F9 /* NSString_HTML.m */; settings = {COMPILER_FLAGS = "-fno-objc-arc"; }; };
		60B8AEBF1CE2E76D002690F9 /* ASIAuthenticationDialog.m in Sources */ = {isa = PBXBuildFile; fileRef = 60B8AEAD1CE2E76D002690F9 /* ASIAuthenticationDialog.m */; settings = {COMPILER_FLAGS = "-fno-objc-arc"; }; };
		60B8AEC01CE2E76D002690F9 /* ASIDataDecompressor.m in Sources */ = {isa = PBXBuildFile; fileRef = 60B8AEAE1CE2E76D002690F9 /* ASIDataDecompressor.m */; settings = {COMPILER_FLAGS = "-fno-objc-arc"; }; };
		60B8AEC11CE2E76D002690F9 /* Reachability.m in Sources */ = {isa = PBXBuildFile; fileRef = 60B8AEB11CE2E76D002690F9 /* Reachability.m */; settings = {COMPILER_FLAGS = "-fno-objc-arc"; }; };
		60B8AEC21CE2E76D002690F9 /* ASIFormDataRequest.m in Sources */ = {isa = PBXBuildFile; fileRef = 60B8AEB21CE2E76D002690F9 /* ASIFormDataRequest.m */; settings = {COMPILER_FLAGS = "-fno-objc-arc"; }; };
		60B8AEC31CE2E76D002690F9 /* NSString+MD5Addition.m in Sources */ = {isa = PBXBuildFile; fileRef = 60B8AEB41CE2E76D002690F9 /* NSString+MD5Addition.m */; settings = {COMPILER_FLAGS = "-fno-objc-arc"; }; };
		60B8AEC41CE2E76D002690F9 /* ASIInputStream.m in Sources */ = {isa = PBXBuildFile; fileRef = 60B8AEB61CE2E76D002690F9 /* ASIInputStream.m */; settings = {COMPILER_FLAGS = "-fno-objc-arc"; }; };
		60B8AEC51CE2F53E002690F9 /* Reachability.h in Sources */ = {isa = PBXBuildFile; fileRef = 60B8AEAC1CE2E76D002690F9 /* Reachability.h */; settings = {COMPILER_FLAGS = "-fno-objc-arc"; }; };
		60B8AEC71CE309BA002690F9 /* libz.1.1.3.tbd in Frameworks */ = {isa = PBXBuildFile; fileRef = 60B8AEC61CE309BA002690F9 /* libz.1.1.3.tbd */; };
		60B8AEC91CE32A8A002690F9 /* UtilsManager.swift in Sources */ = {isa = PBXBuildFile; fileRef = 60B8AEC81CE32A8A002690F9 /* UtilsManager.swift */; };
		60C6CA9F1CDAE79000A6A5EE /* BLEManager.swift in Sources */ = {isa = PBXBuildFile; fileRef = 60C6CA9E1CDAE79000A6A5EE /* BLEManager.swift */; };
		60DB26B51DAB1AF00067AC30 /* AcquistionViewController.swift in Sources */ = {isa = PBXBuildFile; fileRef = 60DB26B41DAB1AF00067AC30 /* AcquistionViewController.swift */; };
		60DB26B71DAB25060067AC30 /* MyCustomTextFieldGrayBorder.swift in Sources */ = {isa = PBXBuildFile; fileRef = 60DB26B61DAB25060067AC30 /* MyCustomTextFieldGrayBorder.swift */; };
		60E8B4F51CE1E3C200FFB946 /* BankendAPIManager.swift in Sources */ = {isa = PBXBuildFile; fileRef = 60E8B4F41CE1E3C200FFB946 /* BankendAPIManager.swift */; };
/* End PBXBuildFile section */

/* Begin PBXContainerItemProxy section */
		6019A7251CDA2B1A00E606C3 /* PBXContainerItemProxy */ = {
			isa = PBXContainerItemProxy;
			containerPortal = 6019A7051CDA2B1800E606C3 /* Project object */;
			proxyType = 1;
			remoteGlobalIDString = 6019A70C1CDA2B1800E606C3;
			remoteInfo = FindWifiNearly;
		};
		6019A7301CDA2B1A00E606C3 /* PBXContainerItemProxy */ = {
			isa = PBXContainerItemProxy;
			containerPortal = 6019A7051CDA2B1800E606C3 /* Project object */;
			proxyType = 1;
			remoteGlobalIDString = 6019A70C1CDA2B1800E606C3;
			remoteInfo = FindWifiNearly;
		};
/* End PBXContainerItemProxy section */

/* Begin PBXFileReference section */
		4E5D0DC01DA79FB40059A755 /* MMDrawerBarButtonItem.h */ = {isa = PBXFileReference; fileEncoding = 4; lastKnownFileType = sourcecode.c.h; path = MMDrawerBarButtonItem.h; sourceTree = "<group>"; };
		4E5D0DC11DA79FB40059A755 /* MMDrawerBarButtonItem.m */ = {isa = PBXFileReference; fileEncoding = 4; lastKnownFileType = sourcecode.c.objc; path = MMDrawerBarButtonItem.m; sourceTree = "<group>"; };
		4E5D0DC21DA79FB40059A755 /* MMDrawerController.h */ = {isa = PBXFileReference; fileEncoding = 4; lastKnownFileType = sourcecode.c.h; path = MMDrawerController.h; sourceTree = "<group>"; };
		4E5D0DC31DA79FB40059A755 /* MMDrawerController.m */ = {isa = PBXFileReference; fileEncoding = 4; lastKnownFileType = sourcecode.c.objc; path = MMDrawerController.m; sourceTree = "<group>"; };
		4E5D0DC41DA79FB40059A755 /* MMDrawerController+Subclass.h */ = {isa = PBXFileReference; fileEncoding = 4; lastKnownFileType = sourcecode.c.h; path = "MMDrawerController+Subclass.h"; sourceTree = "<group>"; };
		4E5D0DC51DA79FB40059A755 /* MMDrawerVisualState.h */ = {isa = PBXFileReference; fileEncoding = 4; lastKnownFileType = sourcecode.c.h; path = MMDrawerVisualState.h; sourceTree = "<group>"; };
		4E5D0DC61DA79FB40059A755 /* MMDrawerVisualState.m */ = {isa = PBXFileReference; fileEncoding = 4; lastKnownFileType = sourcecode.c.objc; path = MMDrawerVisualState.m; sourceTree = "<group>"; };
		4E5D0DC71DA79FB40059A755 /* UIViewController+MMDrawerController.h */ = {isa = PBXFileReference; fileEncoding = 4; lastKnownFileType = sourcecode.c.h; path = "UIViewController+MMDrawerController.h"; sourceTree = "<group>"; };
		4E5D0DC81DA79FB40059A755 /* UIViewController+MMDrawerController.m */ = {isa = PBXFileReference; fileEncoding = 4; lastKnownFileType = sourcecode.c.objc; path = "UIViewController+MMDrawerController.m"; sourceTree = "<group>"; };
		4E69D0061DAB3CCB00238CF3 /* UserDetailViewController.swift */ = {isa = PBXFileReference; fileEncoding = 4; lastKnownFileType = sourcecode.swift; path = UserDetailViewController.swift; sourceTree = "<group>"; };
		4E69D0081DAB42B500238CF3 /* char_user_details.png */ = {isa = PBXFileReference; lastKnownFileType = image.png; path = char_user_details.png; sourceTree = "<group>"; };
		4E69D0091DAB42B500238CF3 /* ic_launcher.png */ = {isa = PBXFileReference; lastKnownFileType = image.png; path = ic_launcher.png; sourceTree = "<group>"; };
		4E69D00A1DAB42B500238CF3 /* icon_arrow_down_red_pig.png */ = {isa = PBXFileReference; lastKnownFileType = image.png; path = icon_arrow_down_red_pig.png; sourceTree = "<group>"; };
		4E69D00B1DAB42B500238CF3 /* icon_arrow_down_red.png */ = {isa = PBXFileReference; lastKnownFileType = image.png; path = icon_arrow_down_red.png; sourceTree = "<group>"; };
		4E69D00C1DAB42B500238CF3 /* icon_arrow_left_red_pig.png */ = {isa = PBXFileReference; lastKnownFileType = image.png; path = icon_arrow_left_red_pig.png; sourceTree = "<group>"; };
		4E69D00D1DAB42B500238CF3 /* icon_arrow_left_red.png */ = {isa = PBXFileReference; lastKnownFileType = image.png; path = icon_arrow_left_red.png; sourceTree = "<group>"; };
		4E69D00E1DAB42B500238CF3 /* icon_arrow_right_blue_pig.png */ = {isa = PBXFileReference; lastKnownFileType = image.png; path = icon_arrow_right_blue_pig.png; sourceTree = "<group>"; };
		4E69D00F1DAB42B500238CF3 /* icon_arrow_right_blue.png */ = {isa = PBXFileReference; lastKnownFileType = image.png; path = icon_arrow_right_blue.png; sourceTree = "<group>"; };
		4E69D0101DAB42B500238CF3 /* icon_arrow_up_blue_pig.png */ = {isa = PBXFileReference; lastKnownFileType = image.png; path = icon_arrow_up_blue_pig.png; sourceTree = "<group>"; };
		4E69D0111DAB42B500238CF3 /* icon_arrow_up_blue.png */ = {isa = PBXFileReference; lastKnownFileType = image.png; path = icon_arrow_up_blue.png; sourceTree = "<group>"; };
		4E69D0121DAB42B500238CF3 /* icon_brian.png */ = {isa = PBXFileReference; lastKnownFileType = image.png; path = icon_brian.png; sourceTree = "<group>"; };
		4E69D0131DAB42B500238CF3 /* icon_check.png */ = {isa = PBXFileReference; lastKnownFileType = image.png; path = icon_check.png; sourceTree = "<group>"; };
		4E69D0141DAB42B500238CF3 /* icon_eq.png */ = {isa = PBXFileReference; lastKnownFileType = image.png; path = icon_eq.png; sourceTree = "<group>"; };
		4E69D0151DAB42B500238CF3 /* icon_filter.png */ = {isa = PBXFileReference; lastKnownFileType = image.png; path = icon_filter.png; sourceTree = "<group>"; };
		4E69D0161DAB42B500238CF3 /* icon_heart.png */ = {isa = PBXFileReference; lastKnownFileType = image.png; path = icon_heart.png; sourceTree = "<group>"; };
		4E69D0171DAB42B500238CF3 /* icon_iq.png */ = {isa = PBXFileReference; lastKnownFileType = image.png; path = icon_iq.png; sourceTree = "<group>"; };
		4E69D0181DAB42B500238CF3 /* icon_menu.png */ = {isa = PBXFileReference; lastKnownFileType = image.png; path = icon_menu.png; sourceTree = "<group>"; };
		4E69D0191DAB42B500238CF3 /* icon_no.png */ = {isa = PBXFileReference; lastKnownFileType = image.png; path = icon_no.png; sourceTree = "<group>"; };
		4E69D01A1DAB42B500238CF3 /* icon_non_report.png */ = {isa = PBXFileReference; lastKnownFileType = image.png; path = icon_non_report.png; sourceTree = "<group>"; };
		4E69D01B1DAB42B500238CF3 /* icon_plus.png */ = {isa = PBXFileReference; lastKnownFileType = image.png; path = icon_plus.png; sourceTree = "<group>"; };
		4E69D01C1DAB42B500238CF3 /* icon_question.png */ = {isa = PBXFileReference; lastKnownFileType = image.png; path = icon_question.png; sourceTree = "<group>"; };
		4E69D01D1DAB42B500238CF3 /* icon_report_comment.png */ = {isa = PBXFileReference; lastKnownFileType = image.png; path = icon_report_comment.png; sourceTree = "<group>"; };
		4E69D01E1DAB42B500238CF3 /* icon_report.png */ = {isa = PBXFileReference; lastKnownFileType = image.png; path = icon_report.png; sourceTree = "<group>"; };
		4E69D01F1DAB42B500238CF3 /* icon_rotate.png */ = {isa = PBXFileReference; lastKnownFileType = image.png; path = icon_rotate.png; sourceTree = "<group>"; };
		4E69D0201DAB42B500238CF3 /* icon_search.png */ = {isa = PBXFileReference; lastKnownFileType = image.png; path = icon_search.png; sourceTree = "<group>"; };
		4E69D0211DAB42B500238CF3 /* icon_star_selected.png */ = {isa = PBXFileReference; lastKnownFileType = image.png; path = icon_star_selected.png; sourceTree = "<group>"; };
		4E69D0221DAB42B500238CF3 /* icon_star_seleted.png */ = {isa = PBXFileReference; lastKnownFileType = image.png; path = icon_star_seleted.png; sourceTree = "<group>"; };
		4E69D0231DAB42B500238CF3 /* icon_star_unselect.png */ = {isa = PBXFileReference; lastKnownFileType = image.png; path = icon_star_unselect.png; sourceTree = "<group>"; };
		4E69D0241DAB42B500238CF3 /* icon_yes.png */ = {isa = PBXFileReference; lastKnownFileType = image.png; path = icon_yes.png; sourceTree = "<group>"; };
		4E69D0251DAB42B500238CF3 /* img_user_loading.png */ = {isa = PBXFileReference; lastKnownFileType = image.png; path = img_user_loading.png; sourceTree = "<group>"; };
		4E69D0261DAB42B500238CF3 /* logo.png */ = {isa = PBXFileReference; lastKnownFileType = image.png; path = logo.png; sourceTree = "<group>"; };
		4E69D0271DAB42B500238CF3 /* small_logo.png */ = {isa = PBXFileReference; lastKnownFileType = image.png; path = small_logo.png; sourceTree = "<group>"; };
		4E69D0281DAB42B500238CF3 /* temp_user_image.png */ = {isa = PBXFileReference; lastKnownFileType = image.png; path = temp_user_image.png; sourceTree = "<group>"; };
		6019A70D1CDA2B1800E606C3 /* FindWifiNearly.app */ = {isa = PBXFileReference; explicitFileType = wrapper.application; includeInIndex = 0; path = FindWifiNearly.app; sourceTree = BUILT_PRODUCTS_DIR; };
		6019A7101CDA2B1A00E606C3 /* AppDelegate.swift */ = {isa = PBXFileReference; lastKnownFileType = sourcecode.swift; path = AppDelegate.swift; sourceTree = "<group>"; };
		6019A7121CDA2B1A00E606C3 /* SignInViewController.swift */ = {isa = PBXFileReference; lastKnownFileType = sourcecode.swift; path = SignInViewController.swift; sourceTree = "<group>"; };
		6019A7151CDA2B1A00E606C3 /* Base */ = {isa = PBXFileReference; lastKnownFileType = file.storyboard; name = Base; path = Base.lproj/Main.storyboard; sourceTree = "<group>"; };
		6019A7181CDA2B1A00E606C3 /* FindWifiNearly.xcdatamodel */ = {isa = PBXFileReference; lastKnownFileType = wrapper.xcdatamodel; path = FindWifiNearly.xcdatamodel; sourceTree = "<group>"; };
		6019A71A1CDA2B1A00E606C3 /* Assets.xcassets */ = {isa = PBXFileReference; lastKnownFileType = folder.assetcatalog; path = Assets.xcassets; sourceTree = "<group>"; };
		6019A71D1CDA2B1A00E606C3 /* Base */ = {isa = PBXFileReference; lastKnownFileType = file.storyboard; name = Base; path = Base.lproj/LaunchScreen.storyboard; sourceTree = "<group>"; };
		6019A71F1CDA2B1A00E606C3 /* Info.plist */ = {isa = PBXFileReference; lastKnownFileType = text.plist.xml; path = Info.plist; sourceTree = "<group>"; };
		6019A7241CDA2B1A00E606C3 /* FindWifiNearlyTests.xctest */ = {isa = PBXFileReference; explicitFileType = wrapper.cfbundle; includeInIndex = 0; path = FindWifiNearlyTests.xctest; sourceTree = BUILT_PRODUCTS_DIR; };
		6019A7281CDA2B1A00E606C3 /* FindWifiNearlyTests.swift */ = {isa = PBXFileReference; lastKnownFileType = sourcecode.swift; path = FindWifiNearlyTests.swift; sourceTree = "<group>"; };
		6019A72A1CDA2B1A00E606C3 /* Info.plist */ = {isa = PBXFileReference; lastKnownFileType = text.plist.xml; path = Info.plist; sourceTree = "<group>"; };
		6019A72F1CDA2B1A00E606C3 /* FindWifiNearlyUITests.xctest */ = {isa = PBXFileReference; explicitFileType = wrapper.cfbundle; includeInIndex = 0; path = FindWifiNearlyUITests.xctest; sourceTree = BUILT_PRODUCTS_DIR; };
		6019A7331CDA2B1A00E606C3 /* FindWifiNearlyUITests.swift */ = {isa = PBXFileReference; lastKnownFileType = sourcecode.swift; path = FindWifiNearlyUITests.swift; sourceTree = "<group>"; };
		6019A7351CDA2B1A00E606C3 /* Info.plist */ = {isa = PBXFileReference; lastKnownFileType = text.plist.xml; path = Info.plist; sourceTree = "<group>"; };
		6019A7411CDA391200E606C3 /* MainViewController.swift */ = {isa = PBXFileReference; fileEncoding = 4; lastKnownFileType = sourcecode.swift; path = MainViewController.swift; sourceTree = "<group>"; };
		6019A7441CDA543700E606C3 /* WifiObjectData.swift */ = {isa = PBXFileReference; fileEncoding = 4; lastKnownFileType = sourcecode.swift; path = WifiObjectData.swift; sourceTree = "<group>"; };
		6026EB541DA7267C00FEDBAA /* SignInViewController2.swift */ = {isa = PBXFileReference; fileEncoding = 4; lastKnownFileType = sourcecode.swift; path = SignInViewController2.swift; sourceTree = "<group>"; };
		6026EB661DA731CD00FEDBAA /* LeftSlideViewController.swift */ = {isa = PBXFileReference; fileEncoding = 4; lastKnownFileType = sourcecode.swift; path = LeftSlideViewController.swift; sourceTree = "<group>"; };
		6026EB681DA733F800FEDBAA /* HomePageViewController.swift */ = {isa = PBXFileReference; fileEncoding = 4; lastKnownFileType = sourcecode.swift; path = HomePageViewController.swift; sourceTree = "<group>"; };
		6032EB0C1DA1642900CE7ACB /* WelcomeViewController.swift */ = {isa = PBXFileReference; fileEncoding = 4; lastKnownFileType = sourcecode.swift; path = WelcomeViewController.swift; sourceTree = "<group>"; };
		6060C5DD1CE695F30017972E /* DialogManager.swift */ = {isa = PBXFileReference; fileEncoding = 4; lastKnownFileType = sourcecode.swift; path = DialogManager.swift; sourceTree = "<group>"; };
		606AD2C21DA8F0070084F757 /* CosmosDistrib.swift */ = {isa = PBXFileReference; fileEncoding = 4; lastKnownFileType = sourcecode.swift; path = CosmosDistrib.swift; sourceTree = "<group>"; };
		606AD2C51DA8F7BC0084F757 /* MyCustomButton.swift */ = {isa = PBXFileReference; fileEncoding = 4; lastKnownFileType = sourcecode.swift; path = MyCustomButton.swift; sourceTree = "<group>"; };
		606AD2C71DA904CB0084F757 /* SearchPageViewController.swift */ = {isa = PBXFileReference; fileEncoding = 4; lastKnownFileType = sourcecode.swift; path = SearchPageViewController.swift; sourceTree = "<group>"; };
		606AD2C91DA92CC70084F757 /* MyCustomCircleImageView.swift */ = {isa = PBXFileReference; fileEncoding = 4; lastKnownFileType = sourcecode.swift; path = MyCustomCircleImageView.swift; sourceTree = "<group>"; };
		60B8AE991CE25FE6002690F9 /* FindWifiNearly-Bridging-Header.h */ = {isa = PBXFileReference; lastKnownFileType = sourcecode.c.h; path = "FindWifiNearly-Bridging-Header.h"; sourceTree = "<group>"; };
		60B8AE9D1CE2E76D002690F9 /* ASIDataCompressor.h */ = {isa = PBXFileReference; fileEncoding = 4; lastKnownFileType = sourcecode.c.h; path = ASIDataCompressor.h; sourceTree = "<group>"; };
		60B8AE9E1CE2E76D002690F9 /* GTMNSString+HTML.m */ = {isa = PBXFileReference; fileEncoding = 4; lastKnownFileType = sourcecode.c.objc; path = "GTMNSString+HTML.m"; sourceTree = "<group>"; };
		60B8AE9F1CE2E76D002690F9 /* ASIHTTPRequest.h */ = {isa = PBXFileReference; fileEncoding = 4; lastKnownFileType = sourcecode.c.h; path = ASIHTTPRequest.h; sourceTree = "<group>"; };
		60B8AEA01CE2E76D002690F9 /* ASIDownloadCache.h */ = {isa = PBXFileReference; fileEncoding = 4; lastKnownFileType = sourcecode.c.h; path = ASIDownloadCache.h; sourceTree = "<group>"; };
		60B8AEA11CE2E76D002690F9 /* ASIDataCompressor.m */ = {isa = PBXFileReference; fileEncoding = 4; lastKnownFileType = sourcecode.c.objc; path = ASIDataCompressor.m; sourceTree = "<group>"; };
		60B8AEA21CE2E76D002690F9 /* ASIHTTPRequest.m */ = {isa = PBXFileReference; fileEncoding = 4; lastKnownFileType = sourcecode.c.objc; path = ASIHTTPRequest.m; sourceTree = "<group>"; };
		60B8AEA31CE2E76D002690F9 /* ASICacheDelegate.h */ = {isa = PBXFileReference; fileEncoding = 4; lastKnownFileType = sourcecode.c.h; path = ASICacheDelegate.h; sourceTree = "<group>"; };
		60B8AEA41CE2E76D002690F9 /* ASINetworkQueue.h */ = {isa = PBXFileReference; fileEncoding = 4; lastKnownFileType = sourcecode.c.h; path = ASINetworkQueue.h; sourceTree = "<group>"; };
		60B8AEA51CE2E76D002690F9 /* NSString_HTML.h */ = {isa = PBXFileReference; fileEncoding = 4; lastKnownFileType = sourcecode.c.h; path = NSString_HTML.h; sourceTree = "<group>"; };
		60B8AEA61CE2E76D002690F9 /* ASIDataDecompressor.h */ = {isa = PBXFileReference; fileEncoding = 4; lastKnownFileType = sourcecode.c.h; path = ASIDataDecompressor.h; sourceTree = "<group>"; };
		60B8AEA71CE2E76D002690F9 /* ASIAuthenticationDialog.h */ = {isa = PBXFileReference; fileEncoding = 4; lastKnownFileType = sourcecode.c.h; path = ASIAuthenticationDialog.h; sourceTree = "<group>"; };
		60B8AEA81CE2E76D002690F9 /* ASIProgressDelegate.h */ = {isa = PBXFileReference; fileEncoding = 4; lastKnownFileType = sourcecode.c.h; path = ASIProgressDelegate.h; sourceTree = "<group>"; };
		60B8AEA91CE2E76D002690F9 /* ASIDownloadCache.m */ = {isa = PBXFileReference; fileEncoding = 4; lastKnownFileType = sourcecode.c.objc; path = ASIDownloadCache.m; sourceTree = "<group>"; };
		60B8AEAA1CE2E76D002690F9 /* ASINetworkQueue.m */ = {isa = PBXFileReference; fileEncoding = 4; lastKnownFileType = sourcecode.c.objc; path = ASINetworkQueue.m; sourceTree = "<group>"; };
		60B8AEAB1CE2E76D002690F9 /* NSString_HTML.m */ = {isa = PBXFileReference; fileEncoding = 4; lastKnownFileType = sourcecode.c.objc; path = NSString_HTML.m; sourceTree = "<group>"; };
		60B8AEAC1CE2E76D002690F9 /* Reachability.h */ = {isa = PBXFileReference; fileEncoding = 4; lastKnownFileType = sourcecode.c.h; path = Reachability.h; sourceTree = "<group>"; };
		60B8AEAD1CE2E76D002690F9 /* ASIAuthenticationDialog.m */ = {isa = PBXFileReference; fileEncoding = 4; lastKnownFileType = sourcecode.c.objc; path = ASIAuthenticationDialog.m; sourceTree = "<group>"; };
		60B8AEAE1CE2E76D002690F9 /* ASIDataDecompressor.m */ = {isa = PBXFileReference; fileEncoding = 4; lastKnownFileType = sourcecode.c.objc; path = ASIDataDecompressor.m; sourceTree = "<group>"; };
		60B8AEAF1CE2E76D002690F9 /* ASIFormDataRequest.h */ = {isa = PBXFileReference; fileEncoding = 4; lastKnownFileType = sourcecode.c.h; path = ASIFormDataRequest.h; sourceTree = "<group>"; };
		60B8AEB01CE2E76D002690F9 /* NSString+MD5Addition.h */ = {isa = PBXFileReference; fileEncoding = 4; lastKnownFileType = sourcecode.c.h; path = "NSString+MD5Addition.h"; sourceTree = "<group>"; };
		60B8AEB11CE2E76D002690F9 /* Reachability.m */ = {isa = PBXFileReference; fileEncoding = 4; lastKnownFileType = sourcecode.c.objc; path = Reachability.m; sourceTree = "<group>"; };
		60B8AEB21CE2E76D002690F9 /* ASIFormDataRequest.m */ = {isa = PBXFileReference; fileEncoding = 4; lastKnownFileType = sourcecode.c.objc; path = ASIFormDataRequest.m; sourceTree = "<group>"; };
		60B8AEB31CE2E76D002690F9 /* ASIInputStream.h */ = {isa = PBXFileReference; fileEncoding = 4; lastKnownFileType = sourcecode.c.h; path = ASIInputStream.h; sourceTree = "<group>"; };
		60B8AEB41CE2E76D002690F9 /* NSString+MD5Addition.m */ = {isa = PBXFileReference; fileEncoding = 4; lastKnownFileType = sourcecode.c.objc; path = "NSString+MD5Addition.m"; sourceTree = "<group>"; };
		60B8AEB51CE2E76D002690F9 /* ASIHTTPRequestConfig.h */ = {isa = PBXFileReference; fileEncoding = 4; lastKnownFileType = sourcecode.c.h; path = ASIHTTPRequestConfig.h; sourceTree = "<group>"; };
		60B8AEB61CE2E76D002690F9 /* ASIInputStream.m */ = {isa = PBXFileReference; fileEncoding = 4; lastKnownFileType = sourcecode.c.objc; path = ASIInputStream.m; sourceTree = "<group>"; };
		60B8AEB71CE2E76D002690F9 /* GTMNSString+HTML.h */ = {isa = PBXFileReference; fileEncoding = 4; lastKnownFileType = sourcecode.c.h; path = "GTMNSString+HTML.h"; sourceTree = "<group>"; };
		60B8AEB81CE2E76D002690F9 /* ASIHTTPRequestDelegate.h */ = {isa = PBXFileReference; fileEncoding = 4; lastKnownFileType = sourcecode.c.h; path = ASIHTTPRequestDelegate.h; sourceTree = "<group>"; };
		60B8AEC61CE309BA002690F9 /* libz.1.1.3.tbd */ = {isa = PBXFileReference; lastKnownFileType = "sourcecode.text-based-dylib-definition"; name = libz.1.1.3.tbd; path = usr/lib/libz.1.1.3.tbd; sourceTree = SDKROOT; };
		60B8AEC81CE32A8A002690F9 /* UtilsManager.swift */ = {isa = PBXFileReference; fileEncoding = 4; lastKnownFileType = sourcecode.swift; path = UtilsManager.swift; sourceTree = "<group>"; };
		60C6CA9E1CDAE79000A6A5EE /* BLEManager.swift */ = {isa = PBXFileReference; fileEncoding = 4; lastKnownFileType = sourcecode.swift; path = BLEManager.swift; sourceTree = "<group>"; };
		60DB26B41DAB1AF00067AC30 /* AcquistionViewController.swift */ = {isa = PBXFileReference; fileEncoding = 4; lastKnownFileType = sourcecode.swift; path = AcquistionViewController.swift; sourceTree = "<group>"; };
		60DB26B61DAB25060067AC30 /* MyCustomTextFieldGrayBorder.swift */ = {isa = PBXFileReference; fileEncoding = 4; lastKnownFileType = sourcecode.swift; path = MyCustomTextFieldGrayBorder.swift; sourceTree = "<group>"; };
		60E8B4F41CE1E3C200FFB946 /* BankendAPIManager.swift */ = {isa = PBXFileReference; fileEncoding = 4; lastKnownFileType = sourcecode.swift; path = BankendAPIManager.swift; sourceTree = "<group>"; };
/* End PBXFileReference section */

/* Begin PBXFrameworksBuildPhase section */
		6019A70A1CDA2B1800E606C3 /* Frameworks */ = {
			isa = PBXFrameworksBuildPhase;
			buildActionMask = 2147483647;
			files = (
				60B8AEC71CE309BA002690F9 /* libz.1.1.3.tbd in Frameworks */,
			);
			runOnlyForDeploymentPostprocessing = 0;
		};
		6019A7211CDA2B1A00E606C3 /* Frameworks */ = {
			isa = PBXFrameworksBuildPhase;
			buildActionMask = 2147483647;
			files = (
			);
			runOnlyForDeploymentPostprocessing = 0;
		};
		6019A72C1CDA2B1A00E606C3 /* Frameworks */ = {
			isa = PBXFrameworksBuildPhase;
			buildActionMask = 2147483647;
			files = (
			);
			runOnlyForDeploymentPostprocessing = 0;
		};
/* End PBXFrameworksBuildPhase section */

/* Begin PBXGroup section */
		6019A7041CDA2B1800E606C3 = {
			isa = PBXGroup;
			children = (
				6019A70F1CDA2B1A00E606C3 /* FindWifiNearly */,
				6019A7271CDA2B1A00E606C3 /* FindWifiNearlyTests */,
				6019A7321CDA2B1A00E606C3 /* FindWifiNearlyUITests */,
				6019A70E1CDA2B1800E606C3 /* Products */,
			);
			sourceTree = "<group>";
		};
		6019A70E1CDA2B1800E606C3 /* Products */ = {
			isa = PBXGroup;
			children = (
				6019A70D1CDA2B1800E606C3 /* FindWifiNearly.app */,
				6019A7241CDA2B1A00E606C3 /* FindWifiNearlyTests.xctest */,
				6019A72F1CDA2B1A00E606C3 /* FindWifiNearlyUITests.xctest */,
			);
			name = Products;
			sourceTree = "<group>";
		};
		6019A70F1CDA2B1A00E606C3 /* FindWifiNearly */ = {
			isa = PBXGroup;
			children = (
				60CBAEBB1DA0EF9D00FF23EF /* Supporting Files */,
				60CBAEB91DA0EEBE00FF23EF /* Resources */,
				60444F221D9A704900B7565D /* Activity */,
				60B8AE9B1CE2E76D002690F9 /* Libs */,
				6019A7431CDA53E700E606C3 /* Utils */,
				6019A7101CDA2B1A00E606C3 /* AppDelegate.swift */,
				6019A7141CDA2B1A00E606C3 /* Main.storyboard */,
				6019A71A1CDA2B1A00E606C3 /* Assets.xcassets */,
				6019A71C1CDA2B1A00E606C3 /* LaunchScreen.storyboard */,
				6019A7171CDA2B1A00E606C3 /* FindWifiNearly.xcdatamodeld */,
				60B8AE991CE25FE6002690F9 /* FindWifiNearly-Bridging-Header.h */,
			);
			path = FindWifiNearly;
			sourceTree = "<group>";
		};
		6019A7271CDA2B1A00E606C3 /* FindWifiNearlyTests */ = {
			isa = PBXGroup;
			children = (
				6019A7281CDA2B1A00E606C3 /* FindWifiNearlyTests.swift */,
				6019A72A1CDA2B1A00E606C3 /* Info.plist */,
			);
			path = FindWifiNearlyTests;
			sourceTree = "<group>";
		};
		6019A7321CDA2B1A00E606C3 /* FindWifiNearlyUITests */ = {
			isa = PBXGroup;
			children = (
				6019A7331CDA2B1A00E606C3 /* FindWifiNearlyUITests.swift */,
				6019A7351CDA2B1A00E606C3 /* Info.plist */,
			);
			path = FindWifiNearlyUITests;
			sourceTree = "<group>";
		};
		6019A7431CDA53E700E606C3 /* Utils */ = {
			isa = PBXGroup;
			children = (
				6019A7441CDA543700E606C3 /* WifiObjectData.swift */,
				60C6CA9E1CDAE79000A6A5EE /* BLEManager.swift */,
				60E8B4F41CE1E3C200FFB946 /* BankendAPIManager.swift */,
				60B8AEC81CE32A8A002690F9 /* UtilsManager.swift */,
				6060C5DD1CE695F30017972E /* DialogManager.swift */,
			);
			name = Utils;
			sourceTree = "<group>";
		};
		6026EB561DA72E6C00FEDBAA /* MySlideMenu */ = {
			isa = PBXGroup;
			children = (
				4E5D0DC01DA79FB40059A755 /* MMDrawerBarButtonItem.h */,
				4E5D0DC11DA79FB40059A755 /* MMDrawerBarButtonItem.m */,
				4E5D0DC21DA79FB40059A755 /* MMDrawerController.h */,
				4E5D0DC31DA79FB40059A755 /* MMDrawerController.m */,
				4E5D0DC41DA79FB40059A755 /* MMDrawerController+Subclass.h */,
				4E5D0DC51DA79FB40059A755 /* MMDrawerVisualState.h */,
				4E5D0DC61DA79FB40059A755 /* MMDrawerVisualState.m */,
				4E5D0DC71DA79FB40059A755 /* UIViewController+MMDrawerController.h */,
				4E5D0DC81DA79FB40059A755 /* UIViewController+MMDrawerController.m */,
			);
			name = MySlideMenu;
			sourceTree = "<group>";
		};
		60444F221D9A704900B7565D /* Activity */ = {
			isa = PBXGroup;
			children = (
				6019A7121CDA2B1A00E606C3 /* SignInViewController.swift */,
				6019A7411CDA391200E606C3 /* MainViewController.swift */,
				6032EB0C1DA1642900CE7ACB /* WelcomeViewController.swift */,
				6026EB541DA7267C00FEDBAA /* SignInViewController2.swift */,
				6026EB661DA731CD00FEDBAA /* LeftSlideViewController.swift */,
				6026EB681DA733F800FEDBAA /* HomePageViewController.swift */,
				606AD2C71DA904CB0084F757 /* SearchPageViewController.swift */,
				60DB26B41DAB1AF00067AC30 /* AcquistionViewController.swift */,
				4E69D0061DAB3CCB00238CF3 /* UserDetailViewController.swift */,
			);
			name = Activity;
			sourceTree = "<group>";
		};
		606AD2C11DA8EFE90084F757 /* RatingBar */ = {
			isa = PBXGroup;
			children = (
				606AD2C21DA8F0070084F757 /* CosmosDistrib.swift */,
			);
			name = RatingBar;
			sourceTree = "<group>";
		};
		606AD2C41DA8F7840084F757 /* MyCustomUI */ = {
			isa = PBXGroup;
			children = (
				606AD2C51DA8F7BC0084F757 /* MyCustomButton.swift */,
				606AD2C91DA92CC70084F757 /* MyCustomCircleImageView.swift */,
				60DB26B61DAB25060067AC30 /* MyCustomTextFieldGrayBorder.swift */,
			);
			name = MyCustomUI;
			sourceTree = "<group>";
		};
		60B8AE9B1CE2E76D002690F9 /* Libs */ = {
			isa = PBXGroup;
			children = (
				606AD2C41DA8F7840084F757 /* MyCustomUI */,
				606AD2C11DA8EFE90084F757 /* RatingBar */,
				6026EB561DA72E6C00FEDBAA /* MySlideMenu */,
				60B8AEC61CE309BA002690F9 /* libz.1.1.3.tbd */,
				60B8AE9C1CE2E76D002690F9 /* ASIHTPRequest */,
			);
			path = Libs;
			sourceTree = "<group>";
		};
		60B8AE9C1CE2E76D002690F9 /* ASIHTPRequest */ = {
			isa = PBXGroup;
			children = (
				60B8AE9D1CE2E76D002690F9 /* ASIDataCompressor.h */,
				60B8AE9E1CE2E76D002690F9 /* GTMNSString+HTML.m */,
				60B8AE9F1CE2E76D002690F9 /* ASIHTTPRequest.h */,
				60B8AEA01CE2E76D002690F9 /* ASIDownloadCache.h */,
				60B8AEA11CE2E76D002690F9 /* ASIDataCompressor.m */,
				60B8AEA21CE2E76D002690F9 /* ASIHTTPRequest.m */,
				60B8AEA31CE2E76D002690F9 /* ASICacheDelegate.h */,
				60B8AEA41CE2E76D002690F9 /* ASINetworkQueue.h */,
				60B8AEA51CE2E76D002690F9 /* NSString_HTML.h */,
				60B8AEA61CE2E76D002690F9 /* ASIDataDecompressor.h */,
				60B8AEA71CE2E76D002690F9 /* ASIAuthenticationDialog.h */,
				60B8AEA81CE2E76D002690F9 /* ASIProgressDelegate.h */,
				60B8AEA91CE2E76D002690F9 /* ASIDownloadCache.m */,
				60B8AEAA1CE2E76D002690F9 /* ASINetworkQueue.m */,
				60B8AEAB1CE2E76D002690F9 /* NSString_HTML.m */,
				60B8AEAC1CE2E76D002690F9 /* Reachability.h */,
				60B8AEAD1CE2E76D002690F9 /* ASIAuthenticationDialog.m */,
				60B8AEAE1CE2E76D002690F9 /* ASIDataDecompressor.m */,
				60B8AEAF1CE2E76D002690F9 /* ASIFormDataRequest.h */,
				60B8AEB01CE2E76D002690F9 /* NSString+MD5Addition.h */,
				60B8AEB11CE2E76D002690F9 /* Reachability.m */,
				60B8AEB21CE2E76D002690F9 /* ASIFormDataRequest.m */,
				60B8AEB31CE2E76D002690F9 /* ASIInputStream.h */,
				60B8AEB41CE2E76D002690F9 /* NSString+MD5Addition.m */,
				60B8AEB51CE2E76D002690F9 /* ASIHTTPRequestConfig.h */,
				60B8AEB61CE2E76D002690F9 /* ASIInputStream.m */,
				60B8AEB71CE2E76D002690F9 /* GTMNSString+HTML.h */,
				60B8AEB81CE2E76D002690F9 /* ASIHTTPRequestDelegate.h */,
			);
			path = ASIHTPRequest;
			sourceTree = "<group>";
		};
		60CBAEB91DA0EEBE00FF23EF /* Resources */ = {
			isa = PBXGroup;
			children = (
				4E69D0081DAB42B500238CF3 /* char_user_details.png */,
				4E69D0091DAB42B500238CF3 /* ic_launcher.png */,
				4E69D00A1DAB42B500238CF3 /* icon_arrow_down_red_pig.png */,
				4E69D00B1DAB42B500238CF3 /* icon_arrow_down_red.png */,
				4E69D00C1DAB42B500238CF3 /* icon_arrow_left_red_pig.png */,
				4E69D00D1DAB42B500238CF3 /* icon_arrow_left_red.png */,
				4E69D00E1DAB42B500238CF3 /* icon_arrow_right_blue_pig.png */,
				4E69D00F1DAB42B500238CF3 /* icon_arrow_right_blue.png */,
				4E69D0101DAB42B500238CF3 /* icon_arrow_up_blue_pig.png */,
				4E69D0111DAB42B500238CF3 /* icon_arrow_up_blue.png */,
				4E69D0121DAB42B500238CF3 /* icon_brian.png */,
				4E69D0131DAB42B500238CF3 /* icon_check.png */,
				4E69D0141DAB42B500238CF3 /* icon_eq.png */,
				4E69D0151DAB42B500238CF3 /* icon_filter.png */,
				4E69D0161DAB42B500238CF3 /* icon_heart.png */,
				4E69D0171DAB42B500238CF3 /* icon_iq.png */,
				4E69D0181DAB42B500238CF3 /* icon_menu.png */,
				4E69D0191DAB42B500238CF3 /* icon_no.png */,
				4E69D01A1DAB42B500238CF3 /* icon_non_report.png */,
				4E69D01B1DAB42B500238CF3 /* icon_plus.png */,
				4E69D01C1DAB42B500238CF3 /* icon_question.png */,
				4E69D01D1DAB42B500238CF3 /* icon_report_comment.png */,
				4E69D01E1DAB42B500238CF3 /* icon_report.png */,
				4E69D01F1DAB42B500238CF3 /* icon_rotate.png */,
				4E69D0201DAB42B500238CF3 /* icon_search.png */,
				4E69D0211DAB42B500238CF3 /* icon_star_selected.png */,
				4E69D0221DAB42B500238CF3 /* icon_star_seleted.png */,
				4E69D0231DAB42B500238CF3 /* icon_star_unselect.png */,
				4E69D0241DAB42B500238CF3 /* icon_yes.png */,
				4E69D0251DAB42B500238CF3 /* img_user_loading.png */,
				4E69D0261DAB42B500238CF3 /* logo.png */,
				4E69D0271DAB42B500238CF3 /* small_logo.png */,
				4E69D0281DAB42B500238CF3 /* temp_user_image.png */,
				60CBAEBA1DA0EF0A00FF23EF /* Icons */,
			);
			name = Resources;
			sourceTree = "<group>";
		};
		60CBAEBA1DA0EF0A00FF23EF /* Icons */ = {
			isa = PBXGroup;
			children = (
			);
			name = Icons;
			sourceTree = "<group>";
		};
		60CBAEBB1DA0EF9D00FF23EF /* Supporting Files */ = {
			isa = PBXGroup;
			children = (
				6019A71F1CDA2B1A00E606C3 /* Info.plist */,
			);
			name = "Supporting Files";
			sourceTree = "<group>";
		};
/* End PBXGroup section */

/* Begin PBXNativeTarget section */
		6019A70C1CDA2B1800E606C3 /* FindWifiNearly */ = {
			isa = PBXNativeTarget;
			buildConfigurationList = 6019A7381CDA2B1A00E606C3 /* Build configuration list for PBXNativeTarget "FindWifiNearly" */;
			buildPhases = (
				6019A7091CDA2B1800E606C3 /* Sources */,
				6019A70A1CDA2B1800E606C3 /* Frameworks */,
				6019A70B1CDA2B1800E606C3 /* Resources */,
			);
			buildRules = (
			);
			dependencies = (
			);
			name = FindWifiNearly;
			productName = FindWifiNearly;
			productReference = 6019A70D1CDA2B1800E606C3 /* FindWifiNearly.app */;
			productType = "com.apple.product-type.application";
		};
		6019A7231CDA2B1A00E606C3 /* FindWifiNearlyTests */ = {
			isa = PBXNativeTarget;
			buildConfigurationList = 6019A73B1CDA2B1A00E606C3 /* Build configuration list for PBXNativeTarget "FindWifiNearlyTests" */;
			buildPhases = (
				6019A7201CDA2B1A00E606C3 /* Sources */,
				6019A7211CDA2B1A00E606C3 /* Frameworks */,
				6019A7221CDA2B1A00E606C3 /* Resources */,
			);
			buildRules = (
			);
			dependencies = (
				6019A7261CDA2B1A00E606C3 /* PBXTargetDependency */,
			);
			name = FindWifiNearlyTests;
			productName = FindWifiNearlyTests;
			productReference = 6019A7241CDA2B1A00E606C3 /* FindWifiNearlyTests.xctest */;
			productType = "com.apple.product-type.bundle.unit-test";
		};
		6019A72E1CDA2B1A00E606C3 /* FindWifiNearlyUITests */ = {
			isa = PBXNativeTarget;
			buildConfigurationList = 6019A73E1CDA2B1A00E606C3 /* Build configuration list for PBXNativeTarget "FindWifiNearlyUITests" */;
			buildPhases = (
				6019A72B1CDA2B1A00E606C3 /* Sources */,
				6019A72C1CDA2B1A00E606C3 /* Frameworks */,
				6019A72D1CDA2B1A00E606C3 /* Resources */,
			);
			buildRules = (
			);
			dependencies = (
				6019A7311CDA2B1A00E606C3 /* PBXTargetDependency */,
			);
			name = FindWifiNearlyUITests;
			productName = FindWifiNearlyUITests;
			productReference = 6019A72F1CDA2B1A00E606C3 /* FindWifiNearlyUITests.xctest */;
			productType = "com.apple.product-type.bundle.ui-testing";
		};
/* End PBXNativeTarget section */

/* Begin PBXProject section */
		6019A7051CDA2B1800E606C3 /* Project object */ = {
			isa = PBXProject;
			attributes = {
				LastSwiftUpdateCheck = 0730;
				LastUpgradeCheck = 0800;
				ORGANIZATIONNAME = Appfish;
				TargetAttributes = {
					6019A70C1CDA2B1800E606C3 = {
						CreatedOnToolsVersion = 7.3.1;
						DevelopmentTeam = CYP38L8DLB;
						LastSwiftMigration = 0800;
					};
					6019A7231CDA2B1A00E606C3 = {
						CreatedOnToolsVersion = 7.3.1;
						LastSwiftMigration = 0800;
						TestTargetID = 6019A70C1CDA2B1800E606C3;
					};
					6019A72E1CDA2B1A00E606C3 = {
						CreatedOnToolsVersion = 7.3.1;
						LastSwiftMigration = 0800;
						TestTargetID = 6019A70C1CDA2B1800E606C3;
					};
				};
			};
			buildConfigurationList = 6019A7081CDA2B1800E606C3 /* Build configuration list for PBXProject "FindWifiNearly" */;
			compatibilityVersion = "Xcode 3.2";
			developmentRegion = English;
			hasScannedForEncodings = 0;
			knownRegions = (
				en,
				Base,
			);
			mainGroup = 6019A7041CDA2B1800E606C3;
			productRefGroup = 6019A70E1CDA2B1800E606C3 /* Products */;
			projectDirPath = "";
			projectRoot = "";
			targets = (
				6019A70C1CDA2B1800E606C3 /* FindWifiNearly */,
				6019A7231CDA2B1A00E606C3 /* FindWifiNearlyTests */,
				6019A72E1CDA2B1A00E606C3 /* FindWifiNearlyUITests */,
			);
		};
/* End PBXProject section */

/* Begin PBXResourcesBuildPhase section */
		6019A70B1CDA2B1800E606C3 /* Resources */ = {
			isa = PBXResourcesBuildPhase;
			buildActionMask = 2147483647;
			files = (
				4E69D0441DAB42B500238CF3 /* icon_star_unselect.png in Resources */,
				4E69D0411DAB42B500238CF3 /* icon_search.png in Resources */,
				4E69D0431DAB42B500238CF3 /* icon_star_seleted.png in Resources */,
				4E69D0361DAB42B500238CF3 /* icon_filter.png in Resources */,
				4E69D0491DAB42B500238CF3 /* temp_user_image.png in Resources */,
				6019A71E1CDA2B1A00E606C3 /* LaunchScreen.storyboard in Resources */,
				4E69D0291DAB42B500238CF3 /* char_user_details.png in Resources */,
				4E69D0341DAB42B500238CF3 /* icon_check.png in Resources */,
				4E69D03D1DAB42B500238CF3 /* icon_question.png in Resources */,
				4E69D0461DAB42B500238CF3 /* img_user_loading.png in Resources */,
				4E69D03A1DAB42B500238CF3 /* icon_no.png in Resources */,
				6019A71B1CDA2B1A00E606C3 /* Assets.xcassets in Resources */,
				4E69D0321DAB42B500238CF3 /* icon_arrow_up_blue.png in Resources */,
				4E69D0381DAB42B500238CF3 /* icon_iq.png in Resources */,
				4E69D0481DAB42B500238CF3 /* small_logo.png in Resources */,
				4E69D0301DAB42B500238CF3 /* icon_arrow_right_blue.png in Resources */,
				4E69D0331DAB42B500238CF3 /* icon_brian.png in Resources */,
				4E69D03E1DAB42B500238CF3 /* icon_report_comment.png in Resources */,
				6019A7161CDA2B1A00E606C3 /* Main.storyboard in Resources */,
				4E69D02D1DAB42B500238CF3 /* icon_arrow_left_red_pig.png in Resources */,
				4E69D0311DAB42B500238CF3 /* icon_arrow_up_blue_pig.png in Resources */,
				4E69D0371DAB42B500238CF3 /* icon_heart.png in Resources */,
				4E69D0421DAB42B500238CF3 /* icon_star_selected.png in Resources */,
				4E69D02A1DAB42B500238CF3 /* ic_launcher.png in Resources */,
				4E69D0471DAB42B500238CF3 /* logo.png in Resources */,
				4E69D0401DAB42B500238CF3 /* icon_rotate.png in Resources */,
				4E69D02F1DAB42B500238CF3 /* icon_arrow_right_blue_pig.png in Resources */,
				4E69D0351DAB42B500238CF3 /* icon_eq.png in Resources */,
				4E69D0451DAB42B500238CF3 /* icon_yes.png in Resources */,
				4E69D02B1DAB42B500238CF3 /* icon_arrow_down_red_pig.png in Resources */,
				4E69D03F1DAB42B500238CF3 /* icon_report.png in Resources */,
				4E69D0391DAB42B500238CF3 /* icon_menu.png in Resources */,
				4E69D02E1DAB42B500238CF3 /* icon_arrow_left_red.png in Resources */,
				4E69D03B1DAB42B500238CF3 /* icon_non_report.png in Resources */,
				4E69D02C1DAB42B500238CF3 /* icon_arrow_down_red.png in Resources */,
				4E69D03C1DAB42B500238CF3 /* icon_plus.png in Resources */,
			);
			runOnlyForDeploymentPostprocessing = 0;
		};
		6019A7221CDA2B1A00E606C3 /* Resources */ = {
			isa = PBXResourcesBuildPhase;
			buildActionMask = 2147483647;
			files = (
			);
			runOnlyForDeploymentPostprocessing = 0;
		};
		6019A72D1CDA2B1A00E606C3 /* Resources */ = {
			isa = PBXResourcesBuildPhase;
			buildActionMask = 2147483647;
			files = (
			);
			runOnlyForDeploymentPostprocessing = 0;
		};
/* End PBXResourcesBuildPhase section */

/* Begin PBXSourcesBuildPhase section */
		6019A7091CDA2B1800E606C3 /* Sources */ = {
			isa = PBXSourcesBuildPhase;
			buildActionMask = 2147483647;
			files = (
				4E5D0DCB1DA79FB40059A755 /* MMDrawerVisualState.m in Sources */,
				6026EB691DA733F800FEDBAA /* HomePageViewController.swift in Sources */,
				60B8AEC51CE2F53E002690F9 /* Reachability.h in Sources */,
				4E5D0DCC1DA79FB40059A755 /* UIViewController+MMDrawerController.m in Sources */,
				4E5D0DCA1DA79FB40059A755 /* MMDrawerController.m in Sources */,
				6019A7131CDA2B1A00E606C3 /* SignInViewController.swift in Sources */,
				6019A7191CDA2B1A00E606C3 /* FindWifiNearly.xcdatamodeld in Sources */,
				4E5D0DC91DA79FB40059A755 /* MMDrawerBarButtonItem.m in Sources */,
				60B8AEBE1CE2E76D002690F9 /* NSString_HTML.m in Sources */,
				60B8AEC91CE32A8A002690F9 /* UtilsManager.swift in Sources */,
				606AD2C81DA904CB0084F757 /* SearchPageViewController.swift in Sources */,
				6032EB0D1DA1642900CE7ACB /* WelcomeViewController.swift in Sources */,
				6019A7111CDA2B1A00E606C3 /* AppDelegate.swift in Sources */,
				6026EB671DA731CD00FEDBAA /* LeftSlideViewController.swift in Sources */,
				6026EB551DA7267C00FEDBAA /* SignInViewController2.swift in Sources */,
				606AD2CA1DA92CC70084F757 /* MyCustomCircleImageView.swift in Sources */,
				60B8AEC31CE2E76D002690F9 /* NSString+MD5Addition.m in Sources */,
				60B8AEBA1CE2E76D002690F9 /* ASIDataCompressor.m in Sources */,
				4E69D0071DAB3CCB00238CF3 /* UserDetailViewController.swift in Sources */,
				606AD2C61DA8F7BC0084F757 /* MyCustomButton.swift in Sources */,
				60B8AEBF1CE2E76D002690F9 /* ASIAuthenticationDialog.m in Sources */,
				60B8AEC41CE2E76D002690F9 /* ASIInputStream.m in Sources */,
				60DB26B71DAB25060067AC30 /* MyCustomTextFieldGrayBorder.swift in Sources */,
				6019A7451CDA543700E606C3 /* WifiObjectData.swift in Sources */,
				6060C5DE1CE695F30017972E /* DialogManager.swift in Sources */,
				60C6CA9F1CDAE79000A6A5EE /* BLEManager.swift in Sources */,
				60B8AEB91CE2E76D002690F9 /* GTMNSString+HTML.m in Sources */,
				60B8AEBC1CE2E76D002690F9 /* ASIDownloadCache.m in Sources */,
				60B8AEC11CE2E76D002690F9 /* Reachability.m in Sources */,
				60B8AEBD1CE2E76D002690F9 /* ASINetworkQueue.m in Sources */,
				60DB26B51DAB1AF00067AC30 /* AcquistionViewController.swift in Sources */,
				60B8AEBB1CE2E76D002690F9 /* ASIHTTPRequest.m in Sources */,
				606AD2C31DA8F0070084F757 /* CosmosDistrib.swift in Sources */,
				60E8B4F51CE1E3C200FFB946 /* BankendAPIManager.swift in Sources */,
				6019A7421CDA391200E606C3 /* MainViewController.swift in Sources */,
				60B8AEC21CE2E76D002690F9 /* ASIFormDataRequest.m in Sources */,
				60B8AEC01CE2E76D002690F9 /* ASIDataDecompressor.m in Sources */,
			);
			runOnlyForDeploymentPostprocessing = 0;
		};
		6019A7201CDA2B1A00E606C3 /* Sources */ = {
			isa = PBXSourcesBuildPhase;
			buildActionMask = 2147483647;
			files = (
				6019A7291CDA2B1A00E606C3 /* FindWifiNearlyTests.swift in Sources */,
			);
			runOnlyForDeploymentPostprocessing = 0;
		};
		6019A72B1CDA2B1A00E606C3 /* Sources */ = {
			isa = PBXSourcesBuildPhase;
			buildActionMask = 2147483647;
			files = (
				6019A7341CDA2B1A00E606C3 /* FindWifiNearlyUITests.swift in Sources */,
			);
			runOnlyForDeploymentPostprocessing = 0;
		};
/* End PBXSourcesBuildPhase section */

/* Begin PBXTargetDependency section */
		6019A7261CDA2B1A00E606C3 /* PBXTargetDependency */ = {
			isa = PBXTargetDependency;
			target = 6019A70C1CDA2B1800E606C3 /* FindWifiNearly */;
			targetProxy = 6019A7251CDA2B1A00E606C3 /* PBXContainerItemProxy */;
		};
		6019A7311CDA2B1A00E606C3 /* PBXTargetDependency */ = {
			isa = PBXTargetDependency;
			target = 6019A70C1CDA2B1800E606C3 /* FindWifiNearly */;
			targetProxy = 6019A7301CDA2B1A00E606C3 /* PBXContainerItemProxy */;
		};
/* End PBXTargetDependency section */

/* Begin PBXVariantGroup section */
		6019A7141CDA2B1A00E606C3 /* Main.storyboard */ = {
			isa = PBXVariantGroup;
			children = (
				6019A7151CDA2B1A00E606C3 /* Base */,
			);
			name = Main.storyboard;
			sourceTree = "<group>";
		};
		6019A71C1CDA2B1A00E606C3 /* LaunchScreen.storyboard */ = {
			isa = PBXVariantGroup;
			children = (
				6019A71D1CDA2B1A00E606C3 /* Base */,
			);
			name = LaunchScreen.storyboard;
			sourceTree = "<group>";
		};
/* End PBXVariantGroup section */

/* Begin XCBuildConfiguration section */
		6019A7361CDA2B1A00E606C3 /* Debug */ = {
			isa = XCBuildConfiguration;
			buildSettings = {
				ALWAYS_SEARCH_USER_PATHS = NO;
				CLANG_ANALYZER_LOCALIZABILITY_NONLOCALIZED = YES;
				CLANG_ANALYZER_NONNULL = YES;
				CLANG_CXX_LANGUAGE_STANDARD = "gnu++0x";
				CLANG_CXX_LIBRARY = "libc++";
				CLANG_ENABLE_MODULES = YES;
				CLANG_ENABLE_OBJC_ARC = YES;
				CLANG_WARN_BOOL_CONVERSION = YES;
				CLANG_WARN_CONSTANT_CONVERSION = YES;
				CLANG_WARN_DIRECT_OBJC_ISA_USAGE = YES_ERROR;
				CLANG_WARN_EMPTY_BODY = YES;
				CLANG_WARN_ENUM_CONVERSION = YES;
				CLANG_WARN_INFINITE_RECURSION = YES;
				CLANG_WARN_INT_CONVERSION = YES;
				CLANG_WARN_OBJC_ROOT_CLASS = YES_ERROR;
				CLANG_WARN_SUSPICIOUS_MOVE = YES;
				CLANG_WARN_UNREACHABLE_CODE = YES;
				CLANG_WARN__DUPLICATE_METHOD_MATCH = YES;
				CODE_SIGN_IDENTITY = "iPhone Developer: lvdatri@gmail.com (Y5DWL692BT)";
				"CODE_SIGN_IDENTITY[sdk=iphoneos*]" = "";
				COPY_PHASE_STRIP = NO;
				DEBUG_INFORMATION_FORMAT = dwarf;
				ENABLE_STRICT_OBJC_MSGSEND = YES;
				ENABLE_TESTABILITY = YES;
				GCC_C_LANGUAGE_STANDARD = gnu99;
				GCC_DYNAMIC_NO_PIC = NO;
				GCC_NO_COMMON_BLOCKS = YES;
				GCC_OPTIMIZATION_LEVEL = 0;
				GCC_PREPROCESSOR_DEFINITIONS = (
					"DEBUG=1",
					"$(inherited)",
				);
				GCC_WARN_64_TO_32_BIT_CONVERSION = YES;
				GCC_WARN_ABOUT_RETURN_TYPE = YES_ERROR;
				GCC_WARN_UNDECLARED_SELECTOR = YES;
				GCC_WARN_UNINITIALIZED_AUTOS = YES_AGGRESSIVE;
				GCC_WARN_UNUSED_FUNCTION = YES;
				GCC_WARN_UNUSED_VARIABLE = YES;
				IPHONEOS_DEPLOYMENT_TARGET = 9.3;
				MTL_ENABLE_DEBUG_INFO = YES;
				ONLY_ACTIVE_ARCH = YES;
				SDKROOT = iphoneos;
				SWIFT_INCLUDE_PATHS = "${SRCROOT}/CommonCrypto";
				SWIFT_OBJC_BRIDGING_HEADER = "FindWifiNearly/FindWifiNearly-Bridging-Header.h";
				SWIFT_OPTIMIZATION_LEVEL = "-Onone";
			};
			name = Debug;
		};
		6019A7371CDA2B1A00E606C3 /* Release */ = {
			isa = XCBuildConfiguration;
			buildSettings = {
				ALWAYS_SEARCH_USER_PATHS = NO;
				CLANG_ANALYZER_LOCALIZABILITY_NONLOCALIZED = YES;
				CLANG_ANALYZER_NONNULL = YES;
				CLANG_CXX_LANGUAGE_STANDARD = "gnu++0x";
				CLANG_CXX_LIBRARY = "libc++";
				CLANG_ENABLE_MODULES = YES;
				CLANG_ENABLE_OBJC_ARC = YES;
				CLANG_WARN_BOOL_CONVERSION = YES;
				CLANG_WARN_CONSTANT_CONVERSION = YES;
				CLANG_WARN_DIRECT_OBJC_ISA_USAGE = YES_ERROR;
				CLANG_WARN_EMPTY_BODY = YES;
				CLANG_WARN_ENUM_CONVERSION = YES;
				CLANG_WARN_INFINITE_RECURSION = YES;
				CLANG_WARN_INT_CONVERSION = YES;
				CLANG_WARN_OBJC_ROOT_CLASS = YES_ERROR;
				CLANG_WARN_SUSPICIOUS_MOVE = YES;
				CLANG_WARN_UNREACHABLE_CODE = YES;
				CLANG_WARN__DUPLICATE_METHOD_MATCH = YES;
				CODE_SIGN_IDENTITY = "iPhone Developer: lvdatri@gmail.com (Y5DWL692BT)";
				"CODE_SIGN_IDENTITY[sdk=iphoneos*]" = "";
				COPY_PHASE_STRIP = NO;
				DEBUG_INFORMATION_FORMAT = "dwarf-with-dsym";
				ENABLE_NS_ASSERTIONS = NO;
				ENABLE_STRICT_OBJC_MSGSEND = YES;
				GCC_C_LANGUAGE_STANDARD = gnu99;
				GCC_NO_COMMON_BLOCKS = YES;
				GCC_WARN_64_TO_32_BIT_CONVERSION = YES;
				GCC_WARN_ABOUT_RETURN_TYPE = YES_ERROR;
				GCC_WARN_UNDECLARED_SELECTOR = YES;
				GCC_WARN_UNINITIALIZED_AUTOS = YES_AGGRESSIVE;
				GCC_WARN_UNUSED_FUNCTION = YES;
				GCC_WARN_UNUSED_VARIABLE = YES;
				IPHONEOS_DEPLOYMENT_TARGET = 9.3;
				MTL_ENABLE_DEBUG_INFO = NO;
				SDKROOT = iphoneos;
				SWIFT_INCLUDE_PATHS = "${SRCROOT}/CommonCrypto";
				SWIFT_OBJC_BRIDGING_HEADER = "FindWifiNearly/FindWifiNearly-Bridging-Header.h";
				SWIFT_OPTIMIZATION_LEVEL = "-Owholemodule";
				VALIDATE_PRODUCT = YES;
			};
			name = Release;
		};
		6019A7391CDA2B1A00E606C3 /* Debug */ = {
			isa = XCBuildConfiguration;
			buildSettings = {
				ASSETCATALOG_COMPILER_APPICON_NAME = AppIcon;
				CLANG_ENABLE_MODULES = YES;
				CLANG_ENABLE_OBJC_ARC = YES;
				CODE_SIGN_IDENTITY = "iPhone Developer";
				"CODE_SIGN_IDENTITY[sdk=iphoneos*]" = "iPhone Developer";
				INFOPLIST_FILE = FindWifiNearly/Info.plist;
				IPHONEOS_DEPLOYMENT_TARGET = 8.0;
				LD_RUNPATH_SEARCH_PATHS = "$(inherited) @executable_path/Frameworks";
				PRODUCT_BUNDLE_IDENTIFIER = com.eronka.Peertal;
				PRODUCT_NAME = "$(TARGET_NAME)";
				PROVISIONING_PROFILE = "";
				SWIFT_INCLUDE_PATHS = "${SRCROOT}/CommonCrypto";
				SWIFT_OBJC_BRIDGING_HEADER = "FindWifiNearly/FindWifiNearly-Bridging-Header.h";
				SWIFT_OPTIMIZATION_LEVEL = "-Onone";
				SWIFT_VERSION = 3.0;
			};
			name = Debug;
		};
		6019A73A1CDA2B1A00E606C3 /* Release */ = {
			isa = XCBuildConfiguration;
			buildSettings = {
				ASSETCATALOG_COMPILER_APPICON_NAME = AppIcon;
				CLANG_ENABLE_MODULES = YES;
				CLANG_ENABLE_OBJC_ARC = YES;
				CODE_SIGN_IDENTITY = "iPhone Developer";
				"CODE_SIGN_IDENTITY[sdk=iphoneos*]" = "iPhone Developer";
				INFOPLIST_FILE = FindWifiNearly/Info.plist;
				IPHONEOS_DEPLOYMENT_TARGET = 8.0;
				LD_RUNPATH_SEARCH_PATHS = "$(inherited) @executable_path/Frameworks";
				PRODUCT_BUNDLE_IDENTIFIER = com.eronka.Peertal;
				PRODUCT_NAME = "$(TARGET_NAME)";
				PROVISIONING_PROFILE = "";
				SWIFT_INCLUDE_PATHS = "${SRCROOT}/CommonCrypto";
				SWIFT_OBJC_BRIDGING_HEADER = "FindWifiNearly/FindWifiNearly-Bridging-Header.h";
				SWIFT_VERSION = 3.0;
			};
			name = Release;
		};
		6019A73C1CDA2B1A00E606C3 /* Debug */ = {
			isa = XCBuildConfiguration;
			buildSettings = {
				BUNDLE_LOADER = "$(TEST_HOST)";
				INFOPLIST_FILE = FindWifiNearlyTests/Info.plist;
				LD_RUNPATH_SEARCH_PATHS = "$(inherited) @executable_path/Frameworks @loader_path/Frameworks";
				PRODUCT_BUNDLE_IDENTIFIER = com.ogilvy.sample.FindWifiNearlyTests;
				PRODUCT_NAME = "$(TARGET_NAME)";
				SWIFT_VERSION = 3.0;
				TEST_HOST = "$(BUILT_PRODUCTS_DIR)/FindWifiNearly.app/FindWifiNearly";
			};
			name = Debug;
		};
		6019A73D1CDA2B1A00E606C3 /* Release */ = {
			isa = XCBuildConfiguration;
			buildSettings = {
				BUNDLE_LOADER = "$(TEST_HOST)";
				INFOPLIST_FILE = FindWifiNearlyTests/Info.plist;
				LD_RUNPATH_SEARCH_PATHS = "$(inherited) @executable_path/Frameworks @loader_path/Frameworks";
				PRODUCT_BUNDLE_IDENTIFIER = com.ogilvy.sample.FindWifiNearlyTests;
				PRODUCT_NAME = "$(TARGET_NAME)";
				SWIFT_VERSION = 3.0;
				TEST_HOST = "$(BUILT_PRODUCTS_DIR)/FindWifiNearly.app/FindWifiNearly";
			};
			name = Release;
		};
		6019A73F1CDA2B1A00E606C3 /* Debug */ = {
			isa = XCBuildConfiguration;
			buildSettings = {
				INFOPLIST_FILE = FindWifiNearlyUITests/Info.plist;
				LD_RUNPATH_SEARCH_PATHS = "$(inherited) @executable_path/Frameworks @loader_path/Frameworks";
				PRODUCT_BUNDLE_IDENTIFIER = com.ogilvy.sample.FindWifiNearlyUITests;
				PRODUCT_NAME = "$(TARGET_NAME)";
				SWIFT_VERSION = 3.0;
				TEST_TARGET_NAME = FindWifiNearly;
			};
			name = Debug;
		};
		6019A7401CDA2B1A00E606C3 /* Release */ = {
			isa = XCBuildConfiguration;
			buildSettings = {
				INFOPLIST_FILE = FindWifiNearlyUITests/Info.plist;
				LD_RUNPATH_SEARCH_PATHS = "$(inherited) @executable_path/Frameworks @loader_path/Frameworks";
				PRODUCT_BUNDLE_IDENTIFIER = com.ogilvy.sample.FindWifiNearlyUITests;
				PRODUCT_NAME = "$(TARGET_NAME)";
				SWIFT_VERSION = 3.0;
				TEST_TARGET_NAME = FindWifiNearly;
			};
			name = Release;
		};
/* End XCBuildConfiguration section */

/* Begin XCConfigurationList section */
		6019A7081CDA2B1800E606C3 /* Build configuration list for PBXProject "FindWifiNearly" */ = {
			isa = XCConfigurationList;
			buildConfigurations = (
				6019A7361CDA2B1A00E606C3 /* Debug */,
				6019A7371CDA2B1A00E606C3 /* Release */,
			);
			defaultConfigurationIsVisible = 0;
			defaultConfigurationName = Release;
		};
		6019A7381CDA2B1A00E606C3 /* Build configuration list for PBXNativeTarget "FindWifiNearly" */ = {
			isa = XCConfigurationList;
			buildConfigurations = (
				6019A7391CDA2B1A00E606C3 /* Debug */,
				6019A73A1CDA2B1A00E606C3 /* Release */,
			);
			defaultConfigurationIsVisible = 0;
			defaultConfigurationName = Release;
		};
		6019A73B1CDA2B1A00E606C3 /* Build configuration list for PBXNativeTarget "FindWifiNearlyTests" */ = {
			isa = XCConfigurationList;
			buildConfigurations = (
				6019A73C1CDA2B1A00E606C3 /* Debug */,
				6019A73D1CDA2B1A00E606C3 /* Release */,
			);
			defaultConfigurationIsVisible = 0;
			defaultConfigurationName = Release;
		};
		6019A73E1CDA2B1A00E606C3 /* Build configuration list for PBXNativeTarget "FindWifiNearlyUITests" */ = {
			isa = XCConfigurationList;
			buildConfigurations = (
				6019A73F1CDA2B1A00E606C3 /* Debug */,
				6019A7401CDA2B1A00E606C3 /* Release */,
			);
			defaultConfigurationIsVisible = 0;
			defaultConfigurationName = Release;
		};
/* End XCConfigurationList section */

/* Begin XCVersionGroup section */
		6019A7171CDA2B1A00E606C3 /* FindWifiNearly.xcdatamodeld */ = {
			isa = XCVersionGroup;
			children = (
				6019A7181CDA2B1A00E606C3 /* FindWifiNearly.xcdatamodel */,
			);
			currentVersion = 6019A7181CDA2B1A00E606C3 /* FindWifiNearly.xcdatamodel */;
			path = FindWifiNearly.xcdatamodeld;
			sourceTree = "<group>";
			versionGroupType = wrapper.xcdatamodel;
		};
/* End XCVersionGroup section */
	};
	rootObject = 6019A7051CDA2B1800E606C3 /* Project object */;
}
